# THIS IS AN AUTOGENERATED FILE. DO NOT EDIT THIS FILE DIRECTLY.
# yarn lockfile v1


"@cspotcode/source-map-support@^0.8.0":
  version "0.8.1"
  resolved "https://registry.yarnpkg.com/@cspotcode/source-map-support/-/source-map-support-0.8.1.tgz#00629c35a688e05a88b1cda684fb9d5e73f000a1"
  integrity sha512-IchNf6dN4tHoMFIn/7OE8LWZ19Y6q/67Bmf6vnGREv8RSbBVb9LPJxEcnwrcwX6ixSvaiGoomAUvu4YSxXrVgw==
  dependencies:
    "@jridgewell/trace-mapping" "0.3.9"

"@jridgewell/resolve-uri@^3.0.3":
  version "3.1.0"
  resolved "https://registry.yarnpkg.com/@jridgewell/resolve-uri/-/resolve-uri-3.1.0.tgz#2203b118c157721addfe69d47b70465463066d78"
  integrity sha512-F2msla3tad+Mfht5cJq7LSXcdudKTWCVYUgw6pLFOOHSTtZlj6SWNYAp+AhuqLmWdBO2X5hPrLcu8cVP8fy28w==

"@jridgewell/sourcemap-codec@^1.4.10":
  version "1.4.14"
  resolved "https://registry.yarnpkg.com/@jridgewell/sourcemap-codec/-/sourcemap-codec-1.4.14.tgz#add4c98d341472a289190b424efbdb096991bb24"
  integrity sha512-XPSJHWmi394fuUuzDnGz1wiKqWfo1yXecHQMRf2l6hztTO+nPru658AyDngaBe7isIxEkRsPR3FZh+s7iVa4Uw==

"@jridgewell/trace-mapping@0.3.9":
  version "0.3.9"
  resolved "https://registry.yarnpkg.com/@jridgewell/trace-mapping/-/trace-mapping-0.3.9.tgz#6534fd5933a53ba7cbf3a17615e273a0d1273ff9"
  integrity sha512-3Belt6tdc8bPgAtbcmdtNJlirVoTmEb5e2gC94PnkwEW9jI6CAHUeoG85tjWP5WquqfavoMtMwiG4P926ZKKuQ==
  dependencies:
    "@jridgewell/resolve-uri" "^3.0.3"
    "@jridgewell/sourcemap-codec" "^1.4.10"

"@next/env@13.0.1":
  version "13.0.1"
  resolved "https://registry.yarnpkg.com/@next/env/-/env-13.0.1.tgz#0361e203c7bfbc7b69679ec48f7b45a8f4cb1c2c"
  integrity sha512-gK60YoFae3s8qi5UgIzbvxOhsh5gKyEaiKH5+kLBUYXLlrPyWJR2xKBj2WqvHkO7wDX7/Hed3DAqjSpU4ijIvQ==

"@next/swc-android-arm-eabi@13.0.1":
  version "13.0.1"
  resolved "https://registry.yarnpkg.com/@next/swc-android-arm-eabi/-/swc-android-arm-eabi-13.0.1.tgz#7ce2a7b6576845bc6d7f55504bf9b82a0d9a2792"
  integrity sha512-M28QSbohZlNXNn//HY6lV2T3YaMzG58Jwr0YwOdVmOQv6i+7lu6xe3GqQu4kdqInqhLrBXnL+nabFuGTVSHtTg==

"@next/swc-android-arm64@13.0.1":
  version "13.0.1"
  resolved "https://registry.yarnpkg.com/@next/swc-android-arm64/-/swc-android-arm64-13.0.1.tgz#85a13d7667042394939741be218076e4e83a45a2"
  integrity sha512-szmO/i6GoHcPXcbhUKhwBMETWHNXH3ITz9wfxwOOFBNKdDU8pjKsHL88lg28aOiQYZSU1sxu1v1p9KY5kJIZCg==

"@next/swc-darwin-arm64@13.0.1":
  version "13.0.1"
  resolved "https://registry.yarnpkg.com/@next/swc-darwin-arm64/-/swc-darwin-arm64-13.0.1.tgz#d615d286127bb096a8950a9d7180fcc5d307614d"
  integrity sha512-O1RxCaiDNOjGZmdAp6SQoHUITt9aVDQXoR3lZ/TloI/NKRAyAV4u0KUUofK+KaZeHOmVTnPUaQuCyZSc3i1x5Q==

"@next/swc-darwin-x64@13.0.1":
  version "13.0.1"
  resolved "https://registry.yarnpkg.com/@next/swc-darwin-x64/-/swc-darwin-x64-13.0.1.tgz#f410beb8cbe0e82562226309f8ec8924cc6cb410"
  integrity sha512-8E6BY/VO+QqQkthhoWgB8mJMw1NcN9Vhl2OwEwxv8jy2r3zjeU+WNRxz4y8RLbcY0R1h+vHlXuP0mLnuac84tQ==

"@next/swc-freebsd-x64@13.0.1":
  version "13.0.1"
  resolved "https://registry.yarnpkg.com/@next/swc-freebsd-x64/-/swc-freebsd-x64-13.0.1.tgz#16eb9652d3f638305ca16b558408f5bc5eb6edde"
  integrity sha512-ocwoOxm2KVwF50RyoAT+2RQPLlkyoF7sAqzMUVgj+S6+DTkY3iwH+Zpo0XAk2pnqT9qguOrKnEpq9EIx//+K7Q==

"@next/swc-linux-arm-gnueabihf@13.0.1":
  version "13.0.1"
  resolved "https://registry.yarnpkg.com/@next/swc-linux-arm-gnueabihf/-/swc-linux-arm-gnueabihf-13.0.1.tgz#0da0700ccf654f813b4c86d057a998598a2fd427"
  integrity sha512-yO7e3zITfGol/N6lPQnmIRi0WyuILBMXrvH6EdmWzzqMDJFfTCII6l+B6gMO5WVDCTQUGQlQRNZ7sFqWR4I71g==

"@next/swc-linux-arm64-gnu@13.0.1":
  version "13.0.1"
  resolved "https://registry.yarnpkg.com/@next/swc-linux-arm64-gnu/-/swc-linux-arm64-gnu-13.0.1.tgz#f34759cd41086f5b8b582081b2af54f67dc544ae"
  integrity sha512-OEs6WDPDI8RyM8SjOqTDMqMBfOlU97VnW6ZMXUvzUTyH0K9c7NF+cn7UMu+I4tKFN0uJ9WQs/6TYaFBGkgoVVA==

"@next/swc-linux-arm64-musl@13.0.1":
  version "13.0.1"
  resolved "https://registry.yarnpkg.com/@next/swc-linux-arm64-musl/-/swc-linux-arm64-musl-13.0.1.tgz#bcfbf1cdfb9f4d632e7ebd67fd62b768cdd08cb7"
  integrity sha512-y5ypFK0Y3urZSFoQxbtDqvKsBx026sz+Fm+xHlPWlGHNZrbs3Q812iONjcZTo09QwRMk5X86iMWBRxV18xMhaw==

"@next/swc-linux-x64-gnu@13.0.1":
  version "13.0.1"
  resolved "https://registry.yarnpkg.com/@next/swc-linux-x64-gnu/-/swc-linux-x64-gnu-13.0.1.tgz#ed77528d4a3195d5e57d5d94d12cb2206c2b19ac"
  integrity sha512-XDIHEE6SU8VCF+dUVntD6PDv6RK31N0forx9kucZBYirbe8vCZ+Yx8hYgvtIaGrTcWtGxibxmND0pIuHDq8H5g==

"@next/swc-linux-x64-musl@13.0.1":
  version "13.0.1"
  resolved "https://registry.yarnpkg.com/@next/swc-linux-x64-musl/-/swc-linux-x64-musl-13.0.1.tgz#74cda49229d2a7fa421fee6b7dcd621a57934a5e"
  integrity sha512-yxIOuuz5EOx0F1FDtsyzaLgnDym0Ysxv8CWeJyDTKKmt9BVyITg6q/cD+RP9bEkT1TQi+PYXIMATSz675Q82xw==

"@next/swc-win32-arm64-msvc@13.0.1":
  version "13.0.1"
  resolved "https://registry.yarnpkg.com/@next/swc-win32-arm64-msvc/-/swc-win32-arm64-msvc-13.0.1.tgz#15d6add92aa897148d6c45749bf9d2eacee87197"
  integrity sha512-+ucLe2qgQzP+FM94jD4ns6LDGyMFaX9k3lVHqu/tsQCy2giMymbport4y4p77mYcXEMlDaHMzlHgOQyHRniWFA==

"@next/swc-win32-ia32-msvc@13.0.1":
  version "13.0.1"
  resolved "https://registry.yarnpkg.com/@next/swc-win32-ia32-msvc/-/swc-win32-ia32-msvc-13.0.1.tgz#e0c57902fe75327d092abb1ef19657775fe26f85"
  integrity sha512-Krr/qGN7OB35oZuvMAZKoXDt2IapynIWLh5A5rz6AODb7f/ZJqyAuZSK12vOa2zKdobS36Qm4IlxxBqn9c00MA==

"@next/swc-win32-x64-msvc@13.0.1":
  version "13.0.1"
  resolved "https://registry.yarnpkg.com/@next/swc-win32-x64-msvc/-/swc-win32-x64-msvc-13.0.1.tgz#469dde61519f6a310874af93ee5969f1d5ff6d03"
  integrity sha512-t/0G33t/6VGWZUGCOT7rG42qqvf/x+MrFp1CU+8CN6PrjSSL57R5bqkXfubV9t4eCEnUxVP+5Hn3MoEXEebtEw==

"@prisma/client@4.6.1":
  version "4.6.1"
  resolved "https://registry.yarnpkg.com/@prisma/client/-/client-4.6.1.tgz#e8e1d347ecbff44158d21b6591bb99650c8503a8"
  integrity sha512-M1+NNrMzqaOIxT7PBGcTs3IZo7d1EW/+gVQd4C4gUgWBDGgD9AcIeZnUSidgWClmpMSgVUdnVORjsWWGUameYA==
  dependencies:
    "@prisma/engines-version" "4.6.1-3.694eea289a8462c80264df36757e4fdc129b1b32"

"@prisma/engines-version@4.6.1-3.694eea289a8462c80264df36757e4fdc129b1b32":
  version "4.6.1-3.694eea289a8462c80264df36757e4fdc129b1b32"
  resolved "https://registry.yarnpkg.com/@prisma/engines-version/-/engines-version-4.6.1-3.694eea289a8462c80264df36757e4fdc129b1b32.tgz#90a71bbdfd5172fc674009346a6ad6b84410cc0a"
  integrity sha512-HUCmkXAU2jqp2O1RvNtbE+seLGLyJGEABZS/R38rZjSAafAy0WzBuHq+tbZMnD+b5OSCsTVtIPVcuvx1ySxcWQ==

"@prisma/engines@4.6.1":
  version "4.6.1"
  resolved "https://registry.yarnpkg.com/@prisma/engines/-/engines-4.6.1.tgz#ae31309cc0f600f2da22708697b3be4eb1e46f9e"
  integrity sha512-3u2/XxvxB+Q7cMXHnKU0CpBiUK1QWqpgiBv28YDo1zOIJE3FCF8DI2vrp6vuwjGt5h0JGXDSvmSf4D4maVjJdw==

"@swc/helpers@0.4.11":
  version "0.4.11"
  resolved "https://registry.yarnpkg.com/@swc/helpers/-/helpers-0.4.11.tgz#db23a376761b3d31c26502122f349a21b592c8de"
  integrity sha512-rEUrBSGIoSFuYxwBYtlUFMlE2CwGhmW+w9355/5oduSw8e5h2+Tj4UrAGNNgP9915++wj5vkQo0UuOBqOAq4nw==
  dependencies:
    tslib "^2.4.0"

"@tsconfig/node10@^1.0.7":
  version "1.0.9"
  resolved "https://registry.yarnpkg.com/@tsconfig/node10/-/node10-1.0.9.tgz#df4907fc07a886922637b15e02d4cebc4c0021b2"
  integrity sha512-jNsYVVxU8v5g43Erja32laIDHXeoNvFEpX33OK4d6hljo3jDhCBDhx5dhCCTMWUojscpAagGiRkBKxpdl9fxqA==

"@tsconfig/node12@^1.0.7":
  version "1.0.11"
  resolved "https://registry.yarnpkg.com/@tsconfig/node12/-/node12-1.0.11.tgz#ee3def1f27d9ed66dac6e46a295cffb0152e058d"
  integrity sha512-cqefuRsh12pWyGsIoBKJA9luFu3mRxCA+ORZvA4ktLSzIuCUtWVxGIuXigEwO5/ywWFMZ2QEGKWvkZG1zDMTag==

"@tsconfig/node14@^1.0.0":
  version "1.0.3"
  resolved "https://registry.yarnpkg.com/@tsconfig/node14/-/node14-1.0.3.tgz#e4386316284f00b98435bf40f72f75a09dabf6c1"
  integrity sha512-ysT8mhdixWK6Hw3i1V2AeRqZ5WfXg1G43mqoYlM2nc6388Fq5jcXyr5mRsqViLx/GJYdoL0bfXD8nmF+Zn/Iow==

"@tsconfig/node16@^1.0.2":
  version "1.0.3"
  resolved "https://registry.yarnpkg.com/@tsconfig/node16/-/node16-1.0.3.tgz#472eaab5f15c1ffdd7f8628bd4c4f753995ec79e"
  integrity sha512-yOlFc+7UtL/89t2ZhjPvvB/DeAr3r+Dq58IgzsFkOAvVC6NMJXmCGjbptdXdR9qsX7pKcTL+s87FtYREi2dEEQ==

"@types/node@^18.11.9":
  version "18.11.9"
  resolved "https://registry.yarnpkg.com/@types/node/-/node-18.11.9.tgz#02d013de7058cea16d36168ef2fc653464cfbad4"
  integrity sha512-CRpX21/kGdzjOpFsZSkcrXMGIBWMGNIHXXBVFSH+ggkftxg+XYP20TESbh+zFvFj3EQOl5byk0HTRn1IL6hbqg==

"@types/prop-types@*":
  version "15.7.5"
  resolved "https://registry.yarnpkg.com/@types/prop-types/-/prop-types-15.7.5.tgz#5f19d2b85a98e9558036f6a3cacc8819420f05cf"
  integrity sha512-JCB8C6SnDoQf0cNycqd/35A7MjcnK+ZTqE7judS6o7utxUCg6imJg3QK2qzHKszlTjcj2cn+NwMB2i96ubpj7w==

"@types/react-dom@18.0.8":
  version "18.0.8"
  resolved "https://registry.yarnpkg.com/@types/react-dom/-/react-dom-18.0.8.tgz#d2606d855186cd42cc1b11e63a71c39525441685"
  integrity sha512-C3GYO0HLaOkk9dDAz3Dl4sbe4AKUGTCfFIZsz3n/82dPNN8Du533HzKatDxeUYWu24wJgMP1xICqkWk1YOLOIw==
  dependencies:
    "@types/react" "*"

"@types/react@*":
  version "18.0.25"
  resolved "https://registry.yarnpkg.com/@types/react/-/react-18.0.25.tgz#8b1dcd7e56fe7315535a4af25435e0bb55c8ae44"
  integrity sha512-xD6c0KDT4m7n9uD4ZHi02lzskaiqcBxf4zi+tXZY98a04wvc0hi/TcCPC2FOESZi51Nd7tlUeOJY8RofL799/g==
  dependencies:
    "@types/prop-types" "*"
    "@types/scheduler" "*"
    csstype "^3.0.2"

"@types/react@18.0.24":
  version "18.0.24"
  resolved "https://registry.yarnpkg.com/@types/react/-/react-18.0.24.tgz#2f79ed5b27f08d05107aab45c17919754cc44c20"
  integrity sha512-wRJWT6ouziGUy+9uX0aW4YOJxAY0bG6/AOk5AW5QSvZqI7dk6VBIbXvcVgIw/W5Jrl24f77df98GEKTJGOLx7Q==
  dependencies:
    "@types/prop-types" "*"
    "@types/scheduler" "*"
    csstype "^3.0.2"

"@types/scheduler@*":
  version "0.16.2"
  resolved "https://registry.yarnpkg.com/@types/scheduler/-/scheduler-0.16.2.tgz#1a62f89525723dde24ba1b01b092bf5df8ad4d39"
  integrity sha512-hppQEBDmlwhFAXKJX2KnWLYu5yMfi91yazPb2l+lbJiwW+wdo1gNeRA+3RgNSO39WYX2euey41KEwnqesU2Jew==

acorn-walk@^8.1.1:
  version "8.2.0"
  resolved "https://registry.yarnpkg.com/acorn-walk/-/acorn-walk-8.2.0.tgz#741210f2e2426454508853a2f44d0ab83b7f69c1"
  integrity sha512-k+iyHEuPgSw6SbuDpGQM+06HQUa04DZ3o+F6CSzXMvvI5KMvnaEqXe+YVe555R9nn6GPt404fos4wcgpw12SDA==

acorn@^8.4.1:
  version "8.8.1"
  resolved "https://registry.yarnpkg.com/acorn/-/acorn-8.8.1.tgz#0a3f9cbecc4ec3bea6f0a80b66ae8dd2da250b73"
  integrity sha512-7zFpHzhnqYKrkYdUjF1HI1bzd0VygEGX8lFk4k5zVMqHEoES+P+7TKI+EvLO9WVMJ8eekdO0aDEK044xTXwPPA==

arg@^4.1.0:
  version "4.1.3"
  resolved "https://registry.yarnpkg.com/arg/-/arg-4.1.3.tgz#269fc7ad5b8e42cb63c896d5666017261c144089"
  integrity sha512-58S9QDqG0Xx27YwPSt9fJxivjYl432YCwfDMfZ+71RAqUrZef7LrKQZ3LHLOwCS4FLNBplP533Zx895SeOCHvA==

caniuse-lite@^1.0.30001406:
  version "1.0.30001431"
  resolved "https://registry.yarnpkg.com/caniuse-lite/-/caniuse-lite-1.0.30001431.tgz#e7c59bd1bc518fae03a4656be442ce6c4887a795"
  integrity sha512-zBUoFU0ZcxpvSt9IU66dXVT/3ctO1cy4y9cscs1szkPlcWb6pasYM144GqrUygUbT+k7cmUCW61cvskjcv0enQ==

client-only@0.0.1:
  version "0.0.1"
  resolved "https://registry.yarnpkg.com/client-only/-/client-only-0.0.1.tgz#38bba5d403c41ab150bff64a95c85013cf73bca1"
  integrity sha512-IV3Ou0jSMzZrd3pZ48nLkT9DA7Ag1pnPzaiQhpW7c3RbcqqzvzzVu+L8gfqMp/8IM2MQtSiqaCxrrcfu8I8rMA==

create-require@^1.1.0:
  version "1.1.1"
  resolved "https://registry.yarnpkg.com/create-require/-/create-require-1.1.1.tgz#c1d7e8f1e5f6cfc9ff65f9cd352d37348756c333"
  integrity sha512-dcKFX3jn0MpIaXjisoRvexIJVEKzaq7z2rZKxf+MSr9TkdmHmsU4m2lcLojrj/FHl8mk5VxMmYA+ftRkP/3oKQ==

csstype@^3.0.2:
  version "3.1.1"
  resolved "https://registry.yarnpkg.com/csstype/-/csstype-3.1.1.tgz#841b532c45c758ee546a11d5bd7b7b473c8c30b9"
  integrity sha512-DJR/VvkAvSZW9bTouZue2sSxDwdTN92uHjqeKVm+0dAqdfNykRzQ95tay8aXMBAAPpUiq4Qcug2L7neoRh2Egw==

diff@^4.0.1:
  version "4.0.2"
  resolved "https://registry.yarnpkg.com/diff/-/diff-4.0.2.tgz#60f3aecb89d5fae520c11aa19efc2bb982aade7d"
  integrity sha512-58lmxKSA4BNyLz+HHMUzlOEpg09FV+ev6ZMe3vJihgdxzgcwZ8VoEEPmALCZG9LmqfVoNMMKpttIYTVG6uDY7A==

"js-tokens@^3.0.0 || ^4.0.0":
  version "4.0.0"
  resolved "https://registry.yarnpkg.com/js-tokens/-/js-tokens-4.0.0.tgz#19203fb59991df98e3a287050d4647cdeaf32499"
  integrity sha512-RdJUflcE3cUzKiMqQgsCu06FPu9UdIJO0beYbPhHN4k6apgJtifcoCtT9bcxOpYBtpD2kCM6Sbzg4CausW/PKQ==

loose-envify@^1.1.0:
  version "1.4.0"
  resolved "https://registry.yarnpkg.com/loose-envify/-/loose-envify-1.4.0.tgz#71ee51fa7be4caec1a63839f7e682d8132d30caf"
  integrity sha512-lyuxPGr/Wfhrlem2CL/UcnUc1zcqKAImBDzukY7Y5F/yQiNdko6+fRLevlw1HgMySw7f611UIY408EtxRSoK3Q==
  dependencies:
    js-tokens "^3.0.0 || ^4.0.0"

make-error@^1.1.1:
  version "1.3.6"
  resolved "https://registry.yarnpkg.com/make-error/-/make-error-1.3.6.tgz#2eb2e37ea9b67c4891f684a1394799af484cf7a2"
  integrity sha512-s8UhlNe7vPKomQhC1qFelMokr/Sc3AgNbso3n74mVPA5LTZwkB9NlXf4XPamLxJE8h0gh73rM94xvwRT2CVInw==

nanoid@^3.3.4:
  version "3.3.4"
  resolved "https://registry.yarnpkg.com/nanoid/-/nanoid-3.3.4.tgz#730b67e3cd09e2deacf03c027c81c9d9dbc5e8ab"
  integrity sha512-MqBkQh/OHTS2egovRtLk45wEyNXwF+cokD+1YPf9u5VfJiRdAiRwB2froX5Co9Rh20xs4siNPm8naNotSD6RBw==

next@13.0.1:
  version "13.0.1"
  resolved "https://registry.yarnpkg.com/next/-/next-13.0.1.tgz#8b4fc9998e58f503bdecb92f06fe6f850ac260d0"
  integrity sha512-ErCNBPIeZMKFn6hX+ZBSlqZVgJIeitEqhGTuQUNmYXJ07/A71DZ7AJI8eyHYUdBb686LUpV1/oBdTq9RpzRVPg==
  dependencies:
    "@next/env" "13.0.1"
    "@swc/helpers" "0.4.11"
    caniuse-lite "^1.0.30001406"
    postcss "8.4.14"
    styled-jsx "5.1.0"
    use-sync-external-store "1.2.0"
  optionalDependencies:
    "@next/swc-android-arm-eabi" "13.0.1"
    "@next/swc-android-arm64" "13.0.1"
    "@next/swc-darwin-arm64" "13.0.1"
    "@next/swc-darwin-x64" "13.0.1"
    "@next/swc-freebsd-x64" "13.0.1"
    "@next/swc-linux-arm-gnueabihf" "13.0.1"
    "@next/swc-linux-arm64-gnu" "13.0.1"
    "@next/swc-linux-arm64-musl" "13.0.1"
    "@next/swc-linux-x64-gnu" "13.0.1"
    "@next/swc-linux-x64-musl" "13.0.1"
    "@next/swc-win32-arm64-msvc" "13.0.1"
    "@next/swc-win32-ia32-msvc" "13.0.1"
    "@next/swc-win32-x64-msvc" "13.0.1"

picocolors@^1.0.0:
  version "1.0.0"
  resolved "https://registry.yarnpkg.com/picocolors/-/picocolors-1.0.0.tgz#cb5bdc74ff3f51892236eaf79d68bc44564ab81c"
  integrity sha512-1fygroTLlHu66zi26VoTDv8yRgm0Fccecssto+MhsZ0D/DGW2sm8E8AjW7NU5VVTRt5GxbeZ5qBuJr+HyLYkjQ==

postcss@8.4.14:
  version "8.4.14"
  resolved "https://registry.yarnpkg.com/postcss/-/postcss-8.4.14.tgz#ee9274d5622b4858c1007a74d76e42e56fd21caf"
  integrity sha512-E398TUmfAYFPBSdzgeieK2Y1+1cpdxJx8yXbK/m57nRhKSmk1GB2tO4lbLBtlkfPQTDKfe4Xqv1ASWPpayPEig==
  dependencies:
    nanoid "^3.3.4"
    picocolors "^1.0.0"
    source-map-js "^1.0.2"

prisma@4.6.1:
  version "4.6.1"
  resolved "https://registry.yarnpkg.com/prisma/-/prisma-4.6.1.tgz#6c85fb667abed006a6b849c9c1ddd81d3f071b87"
  integrity sha512-BR4itMCuzrDV4tn3e2TF+nh1zIX/RVU0isKtKoN28ADeoJ9nYaMhiuRRkFd2TZN8+l/XfYzoRKyHzUFXLQhmBQ==
  dependencies:
    "@prisma/engines" "4.6.1"

react-dom@18.2.0:
  version "18.2.0"
  resolved "https://registry.yarnpkg.com/react-dom/-/react-dom-18.2.0.tgz#22aaf38708db2674ed9ada224ca4aa708d821e3d"
  integrity sha512-6IMTriUmvsjHUjNtEDudZfuDQUoWXVxKHhlEGSk81n4YFS+r/Kl99wXiwlVXtPBtJenozv2P+hxDsw9eA7Xo6g==
  dependencies:
    loose-envify "^1.1.0"
    scheduler "^0.23.0"

react@18.2.0:
  version "18.2.0"
  resolved "https://registry.yarnpkg.com/react/-/react-18.2.0.tgz#555bd98592883255fa00de14f1151a917b5d77d5"
  integrity sha512-/3IjMdb2L9QbBdWiW5e3P2/npwMBaU9mHCSCUzNln0ZCYbcfTsGbTJrU/kGemdH2IWmB2ioZ+zkxtmq6g09fGQ==
  dependencies:
    loose-envify "^1.1.0"

scheduler@^0.23.0:
  version "0.23.0"
  resolved "https://registry.yarnpkg.com/scheduler/-/scheduler-0.23.0.tgz#ba8041afc3d30eb206a487b6b384002e4e61fdfe"
  integrity sha512-CtuThmgHNg7zIZWAXi3AsyIzA3n4xx7aNyjwC2VJldO2LMVDhFK+63xGqq6CsJH4rTAt6/M+N4GhZiDYPx9eUw==
  dependencies:
    loose-envify "^1.1.0"

source-map-js@^1.0.2:
  version "1.0.2"
  resolved "https://registry.yarnpkg.com/source-map-js/-/source-map-js-1.0.2.tgz#adbc361d9c62df380125e7f161f71c826f1e490c"
  integrity sha512-R0XvVJ9WusLiqTCEiGCmICCMplcCkIwwR11mOSD9CR5u+IXYdiseeEuXCVAjS54zqwkLcPNnmU4OeJ6tUrWhDw==

styled-jsx@5.1.0:
  version "5.1.0"
  resolved "https://registry.yarnpkg.com/styled-jsx/-/styled-jsx-5.1.0.tgz#4a5622ab9714bd3fcfaeec292aa555871f057563"
  integrity sha512-/iHaRJt9U7T+5tp6TRelLnqBqiaIT0HsO0+vgyj8hK2KUk7aejFqRrumqPUlAqDwAj8IbS/1hk3IhBAAK/FCUQ==
  dependencies:
    client-only "0.0.1"

ts-node@^10.9.1:
  version "10.9.1"
  resolved "https://registry.yarnpkg.com/ts-node/-/ts-node-10.9.1.tgz#e73de9102958af9e1f0b168a6ff320e25adcff4b"
  integrity sha512-NtVysVPkxxrwFGUUxGYhfux8k78pQB3JqYBXlLRZgdGUqTO5wU/UyHop5p70iEbGhB7q5KmiZiU0Y3KlJrScEw==
  dependencies:
    "@cspotcode/source-map-support" "^0.8.0"
    "@tsconfig/node10" "^1.0.7"
    "@tsconfig/node12" "^1.0.7"
    "@tsconfig/node14" "^1.0.0"
    "@tsconfig/node16" "^1.0.2"
    acorn "^8.4.1"
    acorn-walk "^8.1.1"
    arg "^4.1.0"
    create-require "^1.1.0"
    diff "^4.0.1"
    make-error "^1.1.1"
    v8-compile-cache-lib "^3.0.1"
    yn "3.1.1"

tslib@^2.4.0:
  version "2.4.1"
  resolved "https://registry.yarnpkg.com/tslib/-/tslib-2.4.1.tgz#0d0bfbaac2880b91e22df0768e55be9753a5b17e"
  integrity sha512-tGyy4dAjRIEwI7BzsB0lynWgOpfqjUdq91XXAlIWD2OwKBH7oCl/GZG/HT4BOHrTlPMOASlMQ7veyTqpmRcrNA==

typescript@^4.8.4:
  version "4.8.4"
  resolved "https://registry.yarnpkg.com/typescript/-/typescript-4.8.4.tgz#c464abca159669597be5f96b8943500b238e60e6"
  integrity sha512-QCh+85mCy+h0IGff8r5XWzOVSbBO+KfeYrMQh7NJ58QujwcE22u+NUSmUxqF+un70P9GXKxa2HCNiTTMJknyjQ==

use-sync-external-store@1.2.0:
  version "1.2.0"
  resolved "https://registry.yarnpkg.com/use-sync-external-store/-/use-sync-external-store-1.2.0.tgz#7dbefd6ef3fe4e767a0cf5d7287aacfb5846928a"
  integrity sha512-eEgnFxGQ1Ife9bzYs6VLi8/4X6CObHMw9Qr9tPY43iKwsPw8xE8+EFsf/2cFZ5S3esXgpWgtSCtLNS41F+sKPA==

v8-compile-cache-lib@^3.0.1:
  version "3.0.1"
  resolved "https://registry.yarnpkg.com/v8-compile-cache-lib/-/v8-compile-cache-lib-3.0.1.tgz#6336e8d71965cb3d35a1bbb7868445a7c05264bf"
  integrity sha512-wa7YjyUGfNZngI/vtK0UHAN+lgDCxBPCylVXGp0zu59Fz5aiGtNXaq3DhIov063MorB+VfufLh3JlF2KdTK3xg==

yn@3.1.1:
  version "3.1.1"
  resolved "https://registry.yarnpkg.com/yn/-/yn-3.1.1.tgz#1e87401a09d767c1d5eab26a6e4c185182d2eb50"
  integrity sha512-Ux4ygGWsu2c7isFWe8Yu1YluJmqVhxqK2cLXNQA5AcC3QfbGNpM7fu0Y8b/z16pXLnFxZYvWhd3fhBY9DLmC6Q==
